
Microsoft Visual Studio Solution File, Format Version 12.00
# Visual Studio Version 16
VisualStudioVersion = 16.0.30413.136
MinimumVisualStudioVersion = 10.0.40219.1
Project("{8BC9CEB8-8B4A-11D0-8D11-00A0C91BC942}") = "Chapter7_1 분기문 if", "Chapter7\Chapter7.vcxproj", "{104A3D05-4A46-4AF8-86C6-9413903245E6}"
EndProject
Project("{8BC9CEB8-8B4A-11D0-8D11-00A0C91BC942}") = "7_2 표준 입출력 함수들 getchar(), putchar() 예제", "7_2 표준 입출력 함수들 getchar(), putchar() 예제\7_2 표준 입출력 함수들 getchar(), putchar() 예제.vcxproj", "{1483EF7A-7593-4CB5-A65A-C55F8FD5929D}"
EndProject
Project("{8BC9CEB8-8B4A-11D0-8D11-00A0C91BC942}") = "7_3 ctype.h 문자 함수들", "7_3 ctype.h 문자 함수들\7_3 ctype.h 문자 함수들.vcxproj", "{0D26485E-BE3C-46FE-822B-B1F36FA41683}"
EndProject
Project("{8BC9CEB8-8B4A-11D0-8D11-00A0C91BC942}") = "7.4 다중 선택 else if", "7.4 다중 선택 else if\7.4 다중 선택 else if.vcxproj", "{B364126B-637F-489C-A188-7CD8A9AB699D}"
EndProject
Project("{8BC9CEB8-8B4A-11D0-8D11-00A0C91BC942}") = "7_5 else와 if 짝짓기", "7_5 else와 if 짝짓기\7_5 else와 if 짝짓기.vcxproj", "{4AEFB9CD-7140-45DD-85CB-624777DF6CF4}"
EndProject
Global
	GlobalSection(SolutionConfigurationPlatforms) = preSolution
		Debug|x64 = Debug|x64
		Debug|x86 = Debug|x86
		Release|x64 = Release|x64
		Release|x86 = Release|x86
	EndGlobalSection
	GlobalSection(ProjectConfigurationPlatforms) = postSolution
		{104A3D05-4A46-4AF8-86C6-9413903245E6}.Debug|x64.ActiveCfg = Debug|x64
		{104A3D05-4A46-4AF8-86C6-9413903245E6}.Debug|x64.Build.0 = Debug|x64
		{104A3D05-4A46-4AF8-86C6-9413903245E6}.Debug|x86.ActiveCfg = Debug|Win32
		{104A3D05-4A46-4AF8-86C6-9413903245E6}.Debug|x86.Build.0 = Debug|Win32
		{104A3D05-4A46-4AF8-86C6-9413903245E6}.Release|x64.ActiveCfg = Release|x64
		{104A3D05-4A46-4AF8-86C6-9413903245E6}.Release|x64.Build.0 = Release|x64
		{104A3D05-4A46-4AF8-86C6-9413903245E6}.Release|x86.ActiveCfg = Release|Win32
		{104A3D05-4A46-4AF8-86C6-9413903245E6}.Release|x86.Build.0 = Release|Win32
		{1483EF7A-7593-4CB5-A65A-C55F8FD5929D}.Debug|x64.ActiveCfg = Debug|x64
		{1483EF7A-7593-4CB5-A65A-C55F8FD5929D}.Debug|x64.Build.0 = Debug|x64
		{1483EF7A-7593-4CB5-A65A-C55F8FD5929D}.Debug|x86.ActiveCfg = Debug|Win32
		{1483EF7A-7593-4CB5-A65A-C55F8FD5929D}.Debug|x86.Build.0 = Debug|Win32
		{1483EF7A-7593-4CB5-A65A-C55F8FD5929D}.Release|x64.ActiveCfg = Release|x64
		{1483EF7A-7593-4CB5-A65A-C55F8FD5929D}.Release|x64.Build.0 = Release|x64
		{1483EF7A-7593-4CB5-A65A-C55F8FD5929D}.Release|x86.ActiveCfg = Release|Win32
		{1483EF7A-7593-4CB5-A65A-C55F8FD5929D}.Release|x86.Build.0 = Release|Win32
		{0D26485E-BE3C-46FE-822B-B1F36FA41683}.Debug|x64.ActiveCfg = Debug|x64
		{0D26485E-BE3C-46FE-822B-B1F36FA41683}.Debug|x64.Build.0 = Debug|x64
		{0D26485E-BE3C-46FE-822B-B1F36FA41683}.Debug|x86.ActiveCfg = Debug|Win32
		{0D26485E-BE3C-46FE-822B-B1F36FA41683}.Debug|x86.Build.0 = Debug|Win32
		{0D26485E-BE3C-46FE-822B-B1F36FA41683}.Release|x64.ActiveCfg = Release|x64
		{0D26485E-BE3C-46FE-822B-B1F36FA41683}.Release|x64.Build.0 = Release|x64
		{0D26485E-BE3C-46FE-822B-B1F36FA41683}.Release|x86.ActiveCfg = Release|Win32
		{0D26485E-BE3C-46FE-822B-B1F36FA41683}.Release|x86.Build.0 = Release|Win32
		{B364126B-637F-489C-A188-7CD8A9AB699D}.Debug|x64.ActiveCfg = Debug|x64
		{B364126B-637F-489C-A188-7CD8A9AB699D}.Debug|x64.Build.0 = Debug|x64
		{B364126B-637F-489C-A188-7CD8A9AB699D}.Debug|x86.ActiveCfg = Debug|Win32
		{B364126B-637F-489C-A188-7CD8A9AB699D}.Debug|x86.Build.0 = Debug|Win32
		{B364126B-637F-489C-A188-7CD8A9AB699D}.Release|x64.ActiveCfg = Release|x64
		{B364126B-637F-489C-A188-7CD8A9AB699D}.Release|x64.Build.0 = Release|x64
		{B364126B-637F-489C-A188-7CD8A9AB699D}.Release|x86.ActiveCfg = Release|Win32
		{B364126B-637F-489C-A188-7CD8A9AB699D}.Release|x86.Build.0 = Release|Win32
		{4AEFB9CD-7140-45DD-85CB-624777DF6CF4}.Debug|x64.ActiveCfg = Debug|x64
		{4AEFB9CD-7140-45DD-85CB-624777DF6CF4}.Debug|x64.Build.0 = Debug|x64
		{4AEFB9CD-7140-45DD-85CB-624777DF6CF4}.Debug|x86.ActiveCfg = Debug|Win32
		{4AEFB9CD-7140-45DD-85CB-624777DF6CF4}.Debug|x86.Build.0 = Debug|Win32
		{4AEFB9CD-7140-45DD-85CB-624777DF6CF4}.Release|x64.ActiveCfg = Release|x64
		{4AEFB9CD-7140-45DD-85CB-624777DF6CF4}.Release|x64.Build.0 = Release|x64
		{4AEFB9CD-7140-45DD-85CB-624777DF6CF4}.Release|x86.ActiveCfg = Release|Win32
		{4AEFB9CD-7140-45DD-85CB-624777DF6CF4}.Release|x86.Build.0 = Release|Win32
	EndGlobalSection
	GlobalSection(SolutionProperties) = preSolution
		HideSolutionNode = FALSE
	EndGlobalSection
	GlobalSection(ExtensibilityGlobals) = postSolution
		SolutionGuid = {2F37EE26-3157-4AF0-A8EC-DF35C5EA7A49}
	EndGlobalSection
EndGlobal
