
Microsoft Visual Studio Solution File, Format Version 12.00
# Visual Studio Version 16
VisualStudioVersion = 16.0.30413.136
MinimumVisualStudioVersion = 10.0.40219.1
Project("{8BC9CEB8-8B4A-11D0-8D11-00A0C91BC942}") = "Chatpter2_5", "Chatpter2\Chatpter2.vcxproj", "{71658E52-DAB7-44BA-B724-DEDF57191B9B}"
EndProject
Project("{8BC9CEB8-8B4A-11D0-8D11-00A0C91BC942}") = "2_6 printf function", "2_6 printf function\2_6 printf function.vcxproj", "{6E19ED0E-1EC0-4E89-8FB6-7C9D354D6059}"
EndProject
Project("{8BC9CEB8-8B4A-11D0-8D11-00A0C91BC942}") = "2.7 usage of comment", "2.7 usage of comment\2.7 usage of comment.vcxproj", "{94D664BB-7EE0-4268-856E-DA8A67D61CFC}"
EndProject
Project("{8BC9CEB8-8B4A-11D0-8D11-00A0C91BC942}") = "2.8 keyword_and_reserved", "2.8 keyword_and_reserved\2.8 keyword_and_reserved.vcxproj", "{77B535BC-2788-4554-A2C4-55CF4A268789}"
EndProject
Global
	GlobalSection(SolutionConfigurationPlatforms) = preSolution
		Debug|x64 = Debug|x64
		Debug|x86 = Debug|x86
		Release|x64 = Release|x64
		Release|x86 = Release|x86
	EndGlobalSection
	GlobalSection(ProjectConfigurationPlatforms) = postSolution
		{71658E52-DAB7-44BA-B724-DEDF57191B9B}.Debug|x64.ActiveCfg = Debug|x64
		{71658E52-DAB7-44BA-B724-DEDF57191B9B}.Debug|x64.Build.0 = Debug|x64
		{71658E52-DAB7-44BA-B724-DEDF57191B9B}.Debug|x86.ActiveCfg = Debug|Win32
		{71658E52-DAB7-44BA-B724-DEDF57191B9B}.Debug|x86.Build.0 = Debug|Win32
		{71658E52-DAB7-44BA-B724-DEDF57191B9B}.Release|x64.ActiveCfg = Release|x64
		{71658E52-DAB7-44BA-B724-DEDF57191B9B}.Release|x64.Build.0 = Release|x64
		{71658E52-DAB7-44BA-B724-DEDF57191B9B}.Release|x86.ActiveCfg = Release|Win32
		{71658E52-DAB7-44BA-B724-DEDF57191B9B}.Release|x86.Build.0 = Release|Win32
		{6E19ED0E-1EC0-4E89-8FB6-7C9D354D6059}.Debug|x64.ActiveCfg = Debug|x64
		{6E19ED0E-1EC0-4E89-8FB6-7C9D354D6059}.Debug|x64.Build.0 = Debug|x64
		{6E19ED0E-1EC0-4E89-8FB6-7C9D354D6059}.Debug|x86.ActiveCfg = Debug|Win32
		{6E19ED0E-1EC0-4E89-8FB6-7C9D354D6059}.Debug|x86.Build.0 = Debug|Win32
		{6E19ED0E-1EC0-4E89-8FB6-7C9D354D6059}.Release|x64.ActiveCfg = Release|x64
		{6E19ED0E-1EC0-4E89-8FB6-7C9D354D6059}.Release|x64.Build.0 = Release|x64
		{6E19ED0E-1EC0-4E89-8FB6-7C9D354D6059}.Release|x86.ActiveCfg = Release|Win32
		{6E19ED0E-1EC0-4E89-8FB6-7C9D354D6059}.Release|x86.Build.0 = Release|Win32
		{94D664BB-7EE0-4268-856E-DA8A67D61CFC}.Debug|x64.ActiveCfg = Debug|x64
		{94D664BB-7EE0-4268-856E-DA8A67D61CFC}.Debug|x64.Build.0 = Debug|x64
		{94D664BB-7EE0-4268-856E-DA8A67D61CFC}.Debug|x86.ActiveCfg = Debug|Win32
		{94D664BB-7EE0-4268-856E-DA8A67D61CFC}.Debug|x86.Build.0 = Debug|Win32
		{94D664BB-7EE0-4268-856E-DA8A67D61CFC}.Release|x64.ActiveCfg = Release|x64
		{94D664BB-7EE0-4268-856E-DA8A67D61CFC}.Release|x64.Build.0 = Release|x64
		{94D664BB-7EE0-4268-856E-DA8A67D61CFC}.Release|x86.ActiveCfg = Release|Win32
		{94D664BB-7EE0-4268-856E-DA8A67D61CFC}.Release|x86.Build.0 = Release|Win32
		{77B535BC-2788-4554-A2C4-55CF4A268789}.Debug|x64.ActiveCfg = Debug|x64
		{77B535BC-2788-4554-A2C4-55CF4A268789}.Debug|x64.Build.0 = Debug|x64
		{77B535BC-2788-4554-A2C4-55CF4A268789}.Debug|x86.ActiveCfg = Debug|Win32
		{77B535BC-2788-4554-A2C4-55CF4A268789}.Debug|x86.Build.0 = Debug|Win32
		{77B535BC-2788-4554-A2C4-55CF4A268789}.Release|x64.ActiveCfg = Release|x64
		{77B535BC-2788-4554-A2C4-55CF4A268789}.Release|x64.Build.0 = Release|x64
		{77B535BC-2788-4554-A2C4-55CF4A268789}.Release|x86.ActiveCfg = Release|Win32
		{77B535BC-2788-4554-A2C4-55CF4A268789}.Release|x86.Build.0 = Release|Win32
	EndGlobalSection
	GlobalSection(SolutionProperties) = preSolution
		HideSolutionNode = FALSE
	EndGlobalSection
	GlobalSection(ExtensibilityGlobals) = postSolution
		SolutionGuid = {275DF9E7-A501-455F-A79C-E55B25518858}
	EndGlobalSection
EndGlobal
