
Microsoft Visual Studio Solution File, Format Version 12.00
# Visual Studio Version 16
VisualStudioVersion = 16.0.30413.136
MinimumVisualStudioVersion = 10.0.40219.1
Project("{8BC9CEB8-8B4A-11D0-8D11-00A0C91BC942}") = "Chatpter2_5", "Chatpter2\Chatpter2.vcxproj", "{71658E52-DAB7-44BA-B724-DEDF57191B9B}"
EndProject
Project("{8BC9CEB8-8B4A-11D0-8D11-00A0C91BC942}") = "2_6 printf function", "2_6 printf function\2_6 printf function.vcxproj", "{6E19ED0E-1EC0-4E89-8FB6-7C9D354D6059}"
EndProject
Project("{8BC9CEB8-8B4A-11D0-8D11-00A0C91BC942}") = "2.7 usage of comment", "2.7 usage of comment\2.7 usage of comment.vcxproj", "{94D664BB-7EE0-4268-856E-DA8A67D61CFC}"
EndProject
Project("{8BC9CEB8-8B4A-11D0-8D11-00A0C91BC942}") = "2.8 keyword_and_reserved", "2.8 keyword_and_reserved\2.8 keyword_and_reserved.vcxproj", "{77B535BC-2788-4554-A2C4-55CF4A268789}"
EndProject
Project("{8BC9CEB8-8B4A-11D0-8D11-00A0C91BC942}") = "2_9 making function", "2_9 making function\2_9 making function.vcxproj", "{7965DEF2-86F8-47EA-9DE4-A670D0E030B6}"
EndProject
Project("{8BC9CEB8-8B4A-11D0-8D11-00A0C91BC942}") = "2_10 usage of debugger", "2_10 usage of debugger\2_10 usage of debugger.vcxproj", "{31E84165-8F41-4AF9-B035-29219544645F}"
EndProject
Project("{8BC9CEB8-8B4A-11D0-8D11-00A0C91BC942}") = "2.11 syntax error and sementic error", "2.11 syntax error and sementic error\2.11 syntax error and sementic error.vcxproj", "{1E84C33E-4A23-47AE-8C6E-93CEC58045A8}"
EndProject
Project("{8BC9CEB8-8B4A-11D0-8D11-00A0C91BC942}") = "2.12 readability", "2.12 readability\2.12 readability.vcxproj", "{C810BCF2-05E4-462B-AF91-E30D38726C00}"
EndProject
Project("{8BC9CEB8-8B4A-11D0-8D11-00A0C91BC942}") = "3_1 data and data type", "3_1 data and data type\3_1 data and data type.vcxproj", "{DE2D0104-7D25-481F-AE30-DF827DCDB3ED}"
EndProject
Project("{8BC9CEB8-8B4A-11D0-8D11-00A0C91BC942}") = "3_3 default usage of scanf function", "3_3 default usage of scanf function\3_3 default usage of scanf function.vcxproj", "{CF0DC910-FE98-40E4-802C-5058ADBD6EEE}"
EndProject
Global
	GlobalSection(SolutionConfigurationPlatforms) = preSolution
		Debug|x64 = Debug|x64
		Debug|x86 = Debug|x86
		Release|x64 = Release|x64
		Release|x86 = Release|x86
	EndGlobalSection
	GlobalSection(ProjectConfigurationPlatforms) = postSolution
		{71658E52-DAB7-44BA-B724-DEDF57191B9B}.Debug|x64.ActiveCfg = Debug|x64
		{71658E52-DAB7-44BA-B724-DEDF57191B9B}.Debug|x64.Build.0 = Debug|x64
		{71658E52-DAB7-44BA-B724-DEDF57191B9B}.Debug|x86.ActiveCfg = Debug|Win32
		{71658E52-DAB7-44BA-B724-DEDF57191B9B}.Debug|x86.Build.0 = Debug|Win32
		{71658E52-DAB7-44BA-B724-DEDF57191B9B}.Release|x64.ActiveCfg = Release|x64
		{71658E52-DAB7-44BA-B724-DEDF57191B9B}.Release|x64.Build.0 = Release|x64
		{71658E52-DAB7-44BA-B724-DEDF57191B9B}.Release|x86.ActiveCfg = Release|Win32
		{71658E52-DAB7-44BA-B724-DEDF57191B9B}.Release|x86.Build.0 = Release|Win32
		{6E19ED0E-1EC0-4E89-8FB6-7C9D354D6059}.Debug|x64.ActiveCfg = Debug|x64
		{6E19ED0E-1EC0-4E89-8FB6-7C9D354D6059}.Debug|x64.Build.0 = Debug|x64
		{6E19ED0E-1EC0-4E89-8FB6-7C9D354D6059}.Debug|x86.ActiveCfg = Debug|Win32
		{6E19ED0E-1EC0-4E89-8FB6-7C9D354D6059}.Debug|x86.Build.0 = Debug|Win32
		{6E19ED0E-1EC0-4E89-8FB6-7C9D354D6059}.Release|x64.ActiveCfg = Release|x64
		{6E19ED0E-1EC0-4E89-8FB6-7C9D354D6059}.Release|x64.Build.0 = Release|x64
		{6E19ED0E-1EC0-4E89-8FB6-7C9D354D6059}.Release|x86.ActiveCfg = Release|Win32
		{6E19ED0E-1EC0-4E89-8FB6-7C9D354D6059}.Release|x86.Build.0 = Release|Win32
		{94D664BB-7EE0-4268-856E-DA8A67D61CFC}.Debug|x64.ActiveCfg = Debug|x64
		{94D664BB-7EE0-4268-856E-DA8A67D61CFC}.Debug|x64.Build.0 = Debug|x64
		{94D664BB-7EE0-4268-856E-DA8A67D61CFC}.Debug|x86.ActiveCfg = Debug|Win32
		{94D664BB-7EE0-4268-856E-DA8A67D61CFC}.Debug|x86.Build.0 = Debug|Win32
		{94D664BB-7EE0-4268-856E-DA8A67D61CFC}.Release|x64.ActiveCfg = Release|x64
		{94D664BB-7EE0-4268-856E-DA8A67D61CFC}.Release|x64.Build.0 = Release|x64
		{94D664BB-7EE0-4268-856E-DA8A67D61CFC}.Release|x86.ActiveCfg = Release|Win32
		{94D664BB-7EE0-4268-856E-DA8A67D61CFC}.Release|x86.Build.0 = Release|Win32
		{77B535BC-2788-4554-A2C4-55CF4A268789}.Debug|x64.ActiveCfg = Debug|x64
		{77B535BC-2788-4554-A2C4-55CF4A268789}.Debug|x64.Build.0 = Debug|x64
		{77B535BC-2788-4554-A2C4-55CF4A268789}.Debug|x86.ActiveCfg = Debug|Win32
		{77B535BC-2788-4554-A2C4-55CF4A268789}.Debug|x86.Build.0 = Debug|Win32
		{77B535BC-2788-4554-A2C4-55CF4A268789}.Release|x64.ActiveCfg = Release|x64
		{77B535BC-2788-4554-A2C4-55CF4A268789}.Release|x64.Build.0 = Release|x64
		{77B535BC-2788-4554-A2C4-55CF4A268789}.Release|x86.ActiveCfg = Release|Win32
		{77B535BC-2788-4554-A2C4-55CF4A268789}.Release|x86.Build.0 = Release|Win32
		{7965DEF2-86F8-47EA-9DE4-A670D0E030B6}.Debug|x64.ActiveCfg = Debug|x64
		{7965DEF2-86F8-47EA-9DE4-A670D0E030B6}.Debug|x64.Build.0 = Debug|x64
		{7965DEF2-86F8-47EA-9DE4-A670D0E030B6}.Debug|x86.ActiveCfg = Debug|Win32
		{7965DEF2-86F8-47EA-9DE4-A670D0E030B6}.Debug|x86.Build.0 = Debug|Win32
		{7965DEF2-86F8-47EA-9DE4-A670D0E030B6}.Release|x64.ActiveCfg = Release|x64
		{7965DEF2-86F8-47EA-9DE4-A670D0E030B6}.Release|x64.Build.0 = Release|x64
		{7965DEF2-86F8-47EA-9DE4-A670D0E030B6}.Release|x86.ActiveCfg = Release|Win32
		{7965DEF2-86F8-47EA-9DE4-A670D0E030B6}.Release|x86.Build.0 = Release|Win32
		{31E84165-8F41-4AF9-B035-29219544645F}.Debug|x64.ActiveCfg = Debug|x64
		{31E84165-8F41-4AF9-B035-29219544645F}.Debug|x64.Build.0 = Debug|x64
		{31E84165-8F41-4AF9-B035-29219544645F}.Debug|x86.ActiveCfg = Debug|Win32
		{31E84165-8F41-4AF9-B035-29219544645F}.Debug|x86.Build.0 = Debug|Win32
		{31E84165-8F41-4AF9-B035-29219544645F}.Release|x64.ActiveCfg = Release|x64
		{31E84165-8F41-4AF9-B035-29219544645F}.Release|x64.Build.0 = Release|x64
		{31E84165-8F41-4AF9-B035-29219544645F}.Release|x86.ActiveCfg = Release|Win32
		{31E84165-8F41-4AF9-B035-29219544645F}.Release|x86.Build.0 = Release|Win32
		{1E84C33E-4A23-47AE-8C6E-93CEC58045A8}.Debug|x64.ActiveCfg = Debug|x64
		{1E84C33E-4A23-47AE-8C6E-93CEC58045A8}.Debug|x64.Build.0 = Debug|x64
		{1E84C33E-4A23-47AE-8C6E-93CEC58045A8}.Debug|x86.ActiveCfg = Debug|Win32
		{1E84C33E-4A23-47AE-8C6E-93CEC58045A8}.Debug|x86.Build.0 = Debug|Win32
		{1E84C33E-4A23-47AE-8C6E-93CEC58045A8}.Release|x64.ActiveCfg = Release|x64
		{1E84C33E-4A23-47AE-8C6E-93CEC58045A8}.Release|x64.Build.0 = Release|x64
		{1E84C33E-4A23-47AE-8C6E-93CEC58045A8}.Release|x86.ActiveCfg = Release|Win32
		{1E84C33E-4A23-47AE-8C6E-93CEC58045A8}.Release|x86.Build.0 = Release|Win32
		{C810BCF2-05E4-462B-AF91-E30D38726C00}.Debug|x64.ActiveCfg = Debug|x64
		{C810BCF2-05E4-462B-AF91-E30D38726C00}.Debug|x64.Build.0 = Debug|x64
		{C810BCF2-05E4-462B-AF91-E30D38726C00}.Debug|x86.ActiveCfg = Debug|Win32
		{C810BCF2-05E4-462B-AF91-E30D38726C00}.Debug|x86.Build.0 = Debug|Win32
		{C810BCF2-05E4-462B-AF91-E30D38726C00}.Release|x64.ActiveCfg = Release|x64
		{C810BCF2-05E4-462B-AF91-E30D38726C00}.Release|x64.Build.0 = Release|x64
		{C810BCF2-05E4-462B-AF91-E30D38726C00}.Release|x86.ActiveCfg = Release|Win32
		{C810BCF2-05E4-462B-AF91-E30D38726C00}.Release|x86.Build.0 = Release|Win32
		{DE2D0104-7D25-481F-AE30-DF827DCDB3ED}.Debug|x64.ActiveCfg = Debug|x64
		{DE2D0104-7D25-481F-AE30-DF827DCDB3ED}.Debug|x64.Build.0 = Debug|x64
		{DE2D0104-7D25-481F-AE30-DF827DCDB3ED}.Debug|x86.ActiveCfg = Debug|Win32
		{DE2D0104-7D25-481F-AE30-DF827DCDB3ED}.Debug|x86.Build.0 = Debug|Win32
		{DE2D0104-7D25-481F-AE30-DF827DCDB3ED}.Release|x64.ActiveCfg = Release|x64
		{DE2D0104-7D25-481F-AE30-DF827DCDB3ED}.Release|x64.Build.0 = Release|x64
		{DE2D0104-7D25-481F-AE30-DF827DCDB3ED}.Release|x86.ActiveCfg = Release|Win32
		{DE2D0104-7D25-481F-AE30-DF827DCDB3ED}.Release|x86.Build.0 = Release|Win32
		{CF0DC910-FE98-40E4-802C-5058ADBD6EEE}.Debug|x64.ActiveCfg = Debug|x64
		{CF0DC910-FE98-40E4-802C-5058ADBD6EEE}.Debug|x64.Build.0 = Debug|x64
		{CF0DC910-FE98-40E4-802C-5058ADBD6EEE}.Debug|x86.ActiveCfg = Debug|Win32
		{CF0DC910-FE98-40E4-802C-5058ADBD6EEE}.Debug|x86.Build.0 = Debug|Win32
		{CF0DC910-FE98-40E4-802C-5058ADBD6EEE}.Release|x64.ActiveCfg = Release|x64
		{CF0DC910-FE98-40E4-802C-5058ADBD6EEE}.Release|x64.Build.0 = Release|x64
		{CF0DC910-FE98-40E4-802C-5058ADBD6EEE}.Release|x86.ActiveCfg = Release|Win32
		{CF0DC910-FE98-40E4-802C-5058ADBD6EEE}.Release|x86.Build.0 = Release|Win32
	EndGlobalSection
	GlobalSection(SolutionProperties) = preSolution
		HideSolutionNode = FALSE
	EndGlobalSection
	GlobalSection(ExtensibilityGlobals) = postSolution
		SolutionGuid = {275DF9E7-A501-455F-A79C-E55B25518858}
	EndGlobalSection
EndGlobal
