
Microsoft Visual Studio Solution File, Format Version 12.00
# Visual Studio Version 16
VisualStudioVersion = 16.0.30413.136
MinimumVisualStudioVersion = 10.0.40219.1
Project("{8BC9CEB8-8B4A-11D0-8D11-00A0C91BC942}") = "6_1 while 반복 루프에서 scanf()의 반환값 사용하기", "6_1 while 반복 루프에서 scanf()의 반환값 사용하기\6_1 while 반복 루프에서 scanf()의 반환값 사용하기.vcxproj", "{57A6EEBB-A808-4C93-9042-2C2863239B4C}"
EndProject
Project("{8BC9CEB8-8B4A-11D0-8D11-00A0C91BC942}") = "6_3 Entry point whle", "6_3 Entry point whle\6_3 Entry point whle.vcxproj", "{786536F2-CDDE-4487-8E5C-1370FEE83D06}"
EndProject
Project("{8BC9CEB8-8B4A-11D0-8D11-00A0C91BC942}") = "6_4 relational operator", "6_4 relational operator\6_4 relational operator.vcxproj", "{49CD9535-F9AC-4753-81AF-FFC18CF1D357}"
EndProject
Project("{8BC9CEB8-8B4A-11D0-8D11-00A0C91BC942}") = "6.5 사실과 거짓", "6.5 사실과 거짓\6.5 사실과 거짓.vcxproj", "{682A4FDF-D7F2-465C-95EA-A928E0D6BEC4}"
EndProject
Project("{8BC9CEB8-8B4A-11D0-8D11-00A0C91BC942}") = "6_6 _Bool datatype", "6_6 _Bool datatype\6_6 _Bool datatype.vcxproj", "{DA3537DA-967F-4EFE-97F6-E8778E607256}"
EndProject
Project("{8BC9CEB8-8B4A-11D0-8D11-00A0C91BC942}") = "6_7 precedence of relational operators", "6_7 precedence of relational operators\6_7 precedence of relational operators.vcxproj", "{F8D3C40E-0C43-4145-883F-2F51E0DDE841}"
EndProject
Project("{8BC9CEB8-8B4A-11D0-8D11-00A0C91BC942}") = "6_8 introduction to for loop", "6_8 introduction to for loop\6_8 introduction to for loop.vcxproj", "{5165D146-AC30-4D3D-900F-A08F5E0E1217}"
EndProject
Project("{8BC9CEB8-8B4A-11D0-8D11-00A0C91BC942}") = "6_9 for는 유연해요", "6_9 for는 유연해요\6_9 for는 유연해요.vcxproj", "{499E1889-310E-475B-8FE0-35E17D3EFD77}"
EndProject
Project("{8BC9CEB8-8B4A-11D0-8D11-00A0C91BC942}") = "6_10 다양한 대입 연산자들 (그리고 어셈블리 코드 확인법)", "6_10 다양한 대입 연산자들 (그리고 어셈블리 코드 확인법)\6_10 다양한 대입 연산자들 (그리고 어셈블리 코드 확인법).vcxproj", "{7986DBB9-A358-49D9-ABD5-5A64B8920325}"
EndProject
Global
	GlobalSection(SolutionConfigurationPlatforms) = preSolution
		Debug|x64 = Debug|x64
		Debug|x86 = Debug|x86
		Release|x64 = Release|x64
		Release|x86 = Release|x86
	EndGlobalSection
	GlobalSection(ProjectConfigurationPlatforms) = postSolution
		{57A6EEBB-A808-4C93-9042-2C2863239B4C}.Debug|x64.ActiveCfg = Debug|x64
		{57A6EEBB-A808-4C93-9042-2C2863239B4C}.Debug|x64.Build.0 = Debug|x64
		{57A6EEBB-A808-4C93-9042-2C2863239B4C}.Debug|x86.ActiveCfg = Debug|Win32
		{57A6EEBB-A808-4C93-9042-2C2863239B4C}.Debug|x86.Build.0 = Debug|Win32
		{57A6EEBB-A808-4C93-9042-2C2863239B4C}.Release|x64.ActiveCfg = Release|x64
		{57A6EEBB-A808-4C93-9042-2C2863239B4C}.Release|x64.Build.0 = Release|x64
		{57A6EEBB-A808-4C93-9042-2C2863239B4C}.Release|x86.ActiveCfg = Release|Win32
		{57A6EEBB-A808-4C93-9042-2C2863239B4C}.Release|x86.Build.0 = Release|Win32
		{786536F2-CDDE-4487-8E5C-1370FEE83D06}.Debug|x64.ActiveCfg = Debug|x64
		{786536F2-CDDE-4487-8E5C-1370FEE83D06}.Debug|x64.Build.0 = Debug|x64
		{786536F2-CDDE-4487-8E5C-1370FEE83D06}.Debug|x86.ActiveCfg = Debug|Win32
		{786536F2-CDDE-4487-8E5C-1370FEE83D06}.Debug|x86.Build.0 = Debug|Win32
		{786536F2-CDDE-4487-8E5C-1370FEE83D06}.Release|x64.ActiveCfg = Release|x64
		{786536F2-CDDE-4487-8E5C-1370FEE83D06}.Release|x64.Build.0 = Release|x64
		{786536F2-CDDE-4487-8E5C-1370FEE83D06}.Release|x86.ActiveCfg = Release|Win32
		{786536F2-CDDE-4487-8E5C-1370FEE83D06}.Release|x86.Build.0 = Release|Win32
		{49CD9535-F9AC-4753-81AF-FFC18CF1D357}.Debug|x64.ActiveCfg = Debug|x64
		{49CD9535-F9AC-4753-81AF-FFC18CF1D357}.Debug|x64.Build.0 = Debug|x64
		{49CD9535-F9AC-4753-81AF-FFC18CF1D357}.Debug|x86.ActiveCfg = Debug|Win32
		{49CD9535-F9AC-4753-81AF-FFC18CF1D357}.Debug|x86.Build.0 = Debug|Win32
		{49CD9535-F9AC-4753-81AF-FFC18CF1D357}.Release|x64.ActiveCfg = Release|x64
		{49CD9535-F9AC-4753-81AF-FFC18CF1D357}.Release|x64.Build.0 = Release|x64
		{49CD9535-F9AC-4753-81AF-FFC18CF1D357}.Release|x86.ActiveCfg = Release|Win32
		{49CD9535-F9AC-4753-81AF-FFC18CF1D357}.Release|x86.Build.0 = Release|Win32
		{682A4FDF-D7F2-465C-95EA-A928E0D6BEC4}.Debug|x64.ActiveCfg = Debug|x64
		{682A4FDF-D7F2-465C-95EA-A928E0D6BEC4}.Debug|x64.Build.0 = Debug|x64
		{682A4FDF-D7F2-465C-95EA-A928E0D6BEC4}.Debug|x86.ActiveCfg = Debug|Win32
		{682A4FDF-D7F2-465C-95EA-A928E0D6BEC4}.Debug|x86.Build.0 = Debug|Win32
		{682A4FDF-D7F2-465C-95EA-A928E0D6BEC4}.Release|x64.ActiveCfg = Release|x64
		{682A4FDF-D7F2-465C-95EA-A928E0D6BEC4}.Release|x64.Build.0 = Release|x64
		{682A4FDF-D7F2-465C-95EA-A928E0D6BEC4}.Release|x86.ActiveCfg = Release|Win32
		{682A4FDF-D7F2-465C-95EA-A928E0D6BEC4}.Release|x86.Build.0 = Release|Win32
		{DA3537DA-967F-4EFE-97F6-E8778E607256}.Debug|x64.ActiveCfg = Debug|x64
		{DA3537DA-967F-4EFE-97F6-E8778E607256}.Debug|x64.Build.0 = Debug|x64
		{DA3537DA-967F-4EFE-97F6-E8778E607256}.Debug|x86.ActiveCfg = Debug|Win32
		{DA3537DA-967F-4EFE-97F6-E8778E607256}.Debug|x86.Build.0 = Debug|Win32
		{DA3537DA-967F-4EFE-97F6-E8778E607256}.Release|x64.ActiveCfg = Release|x64
		{DA3537DA-967F-4EFE-97F6-E8778E607256}.Release|x64.Build.0 = Release|x64
		{DA3537DA-967F-4EFE-97F6-E8778E607256}.Release|x86.ActiveCfg = Release|Win32
		{DA3537DA-967F-4EFE-97F6-E8778E607256}.Release|x86.Build.0 = Release|Win32
		{F8D3C40E-0C43-4145-883F-2F51E0DDE841}.Debug|x64.ActiveCfg = Debug|x64
		{F8D3C40E-0C43-4145-883F-2F51E0DDE841}.Debug|x64.Build.0 = Debug|x64
		{F8D3C40E-0C43-4145-883F-2F51E0DDE841}.Debug|x86.ActiveCfg = Debug|Win32
		{F8D3C40E-0C43-4145-883F-2F51E0DDE841}.Debug|x86.Build.0 = Debug|Win32
		{F8D3C40E-0C43-4145-883F-2F51E0DDE841}.Release|x64.ActiveCfg = Release|x64
		{F8D3C40E-0C43-4145-883F-2F51E0DDE841}.Release|x64.Build.0 = Release|x64
		{F8D3C40E-0C43-4145-883F-2F51E0DDE841}.Release|x86.ActiveCfg = Release|Win32
		{F8D3C40E-0C43-4145-883F-2F51E0DDE841}.Release|x86.Build.0 = Release|Win32
		{5165D146-AC30-4D3D-900F-A08F5E0E1217}.Debug|x64.ActiveCfg = Debug|x64
		{5165D146-AC30-4D3D-900F-A08F5E0E1217}.Debug|x64.Build.0 = Debug|x64
		{5165D146-AC30-4D3D-900F-A08F5E0E1217}.Debug|x86.ActiveCfg = Debug|Win32
		{5165D146-AC30-4D3D-900F-A08F5E0E1217}.Debug|x86.Build.0 = Debug|Win32
		{5165D146-AC30-4D3D-900F-A08F5E0E1217}.Release|x64.ActiveCfg = Release|x64
		{5165D146-AC30-4D3D-900F-A08F5E0E1217}.Release|x64.Build.0 = Release|x64
		{5165D146-AC30-4D3D-900F-A08F5E0E1217}.Release|x86.ActiveCfg = Release|Win32
		{5165D146-AC30-4D3D-900F-A08F5E0E1217}.Release|x86.Build.0 = Release|Win32
		{499E1889-310E-475B-8FE0-35E17D3EFD77}.Debug|x64.ActiveCfg = Debug|x64
		{499E1889-310E-475B-8FE0-35E17D3EFD77}.Debug|x64.Build.0 = Debug|x64
		{499E1889-310E-475B-8FE0-35E17D3EFD77}.Debug|x86.ActiveCfg = Debug|Win32
		{499E1889-310E-475B-8FE0-35E17D3EFD77}.Debug|x86.Build.0 = Debug|Win32
		{499E1889-310E-475B-8FE0-35E17D3EFD77}.Release|x64.ActiveCfg = Release|x64
		{499E1889-310E-475B-8FE0-35E17D3EFD77}.Release|x64.Build.0 = Release|x64
		{499E1889-310E-475B-8FE0-35E17D3EFD77}.Release|x86.ActiveCfg = Release|Win32
		{499E1889-310E-475B-8FE0-35E17D3EFD77}.Release|x86.Build.0 = Release|Win32
		{7986DBB9-A358-49D9-ABD5-5A64B8920325}.Debug|x64.ActiveCfg = Debug|x64
		{7986DBB9-A358-49D9-ABD5-5A64B8920325}.Debug|x64.Build.0 = Debug|x64
		{7986DBB9-A358-49D9-ABD5-5A64B8920325}.Debug|x86.ActiveCfg = Debug|Win32
		{7986DBB9-A358-49D9-ABD5-5A64B8920325}.Debug|x86.Build.0 = Debug|Win32
		{7986DBB9-A358-49D9-ABD5-5A64B8920325}.Release|x64.ActiveCfg = Release|x64
		{7986DBB9-A358-49D9-ABD5-5A64B8920325}.Release|x64.Build.0 = Release|x64
		{7986DBB9-A358-49D9-ABD5-5A64B8920325}.Release|x86.ActiveCfg = Release|Win32
		{7986DBB9-A358-49D9-ABD5-5A64B8920325}.Release|x86.Build.0 = Release|Win32
	EndGlobalSection
	GlobalSection(SolutionProperties) = preSolution
		HideSolutionNode = FALSE
	EndGlobalSection
	GlobalSection(ExtensibilityGlobals) = postSolution
		SolutionGuid = {50433B11-E6F7-4BF8-9E97-FC0ED94A0E9B}
	EndGlobalSection
EndGlobal
