
Microsoft Visual Studio Solution File, Format Version 12.00
# Visual Studio Version 16
VisualStudioVersion = 16.0.30104.148
MinimumVisualStudioVersion = 10.0.40219.1
Project("{8BC9CEB8-8B4A-11D0-8D11-00A0C91BC942}") = "Chapter14", "Chapter14\Chapter14.vcxproj", "{B6AE6223-38BA-4A6A-93FB-BD0CAA4B2FD1}"
EndProject
Project("{8BC9CEB8-8B4A-11D0-8D11-00A0C91BC942}") = "14.23_typedef", "14.23_typedef\14.23_typedef.vcxproj", "{01085BEC-94BB-408A-8E9B-755CCE3DCE9D}"
EndProject
Global
	GlobalSection(SolutionConfigurationPlatforms) = preSolution
		Debug|x64 = Debug|x64
		Debug|x86 = Debug|x86
		Release|x64 = Release|x64
		Release|x86 = Release|x86
	EndGlobalSection
	GlobalSection(ProjectConfigurationPlatforms) = postSolution
		{B6AE6223-38BA-4A6A-93FB-BD0CAA4B2FD1}.Debug|x64.ActiveCfg = Debug|x64
		{B6AE6223-38BA-4A6A-93FB-BD0CAA4B2FD1}.Debug|x64.Build.0 = Debug|x64
		{B6AE6223-38BA-4A6A-93FB-BD0CAA4B2FD1}.Debug|x86.ActiveCfg = Debug|Win32
		{B6AE6223-38BA-4A6A-93FB-BD0CAA4B2FD1}.Debug|x86.Build.0 = Debug|Win32
		{B6AE6223-38BA-4A6A-93FB-BD0CAA4B2FD1}.Release|x64.ActiveCfg = Release|x64
		{B6AE6223-38BA-4A6A-93FB-BD0CAA4B2FD1}.Release|x64.Build.0 = Release|x64
		{B6AE6223-38BA-4A6A-93FB-BD0CAA4B2FD1}.Release|x86.ActiveCfg = Release|Win32
		{B6AE6223-38BA-4A6A-93FB-BD0CAA4B2FD1}.Release|x86.Build.0 = Release|Win32
		{01085BEC-94BB-408A-8E9B-755CCE3DCE9D}.Debug|x64.ActiveCfg = Debug|x64
		{01085BEC-94BB-408A-8E9B-755CCE3DCE9D}.Debug|x64.Build.0 = Debug|x64
		{01085BEC-94BB-408A-8E9B-755CCE3DCE9D}.Debug|x86.ActiveCfg = Debug|Win32
		{01085BEC-94BB-408A-8E9B-755CCE3DCE9D}.Debug|x86.Build.0 = Debug|Win32
		{01085BEC-94BB-408A-8E9B-755CCE3DCE9D}.Release|x64.ActiveCfg = Release|x64
		{01085BEC-94BB-408A-8E9B-755CCE3DCE9D}.Release|x64.Build.0 = Release|x64
		{01085BEC-94BB-408A-8E9B-755CCE3DCE9D}.Release|x86.ActiveCfg = Release|Win32
		{01085BEC-94BB-408A-8E9B-755CCE3DCE9D}.Release|x86.Build.0 = Release|Win32
	EndGlobalSection
	GlobalSection(SolutionProperties) = preSolution
		HideSolutionNode = FALSE
	EndGlobalSection
	GlobalSection(ExtensibilityGlobals) = postSolution
		SolutionGuid = {285D3D13-A701-4D15-8487-CFFC79A7AF31}
	EndGlobalSection
EndGlobal
