
Microsoft Visual Studio Solution File, Format Version 12.00
# Visual Studio Version 16
VisualStudioVersion = 16.0.30413.136
MinimumVisualStudioVersion = 10.0.40219.1
Project("{8BC9CEB8-8B4A-11D0-8D11-00A0C91BC942}") = "Chapter4_2", "Chapter4\Chapter4.vcxproj", "{0D1E2D52-6B37-48B3-8F20-6A87AB392794}"
EndProject
Project("{8BC9CEB8-8B4A-11D0-8D11-00A0C91BC942}") = "4_2 sizeof operator", "4_2 sizeof operator\4_2 sizeof operator.vcxproj", "{AE4A4008-4B1E-4CAE-B4CF-8C89E1DBEE3E}"
EndProject
Project("{8BC9CEB8-8B4A-11D0-8D11-00A0C91BC942}") = "4_3 문자열이 메모리에 저장되는 구조", "4_3 문자열이 메모리에 저장되는 구조\4_3 문자열이 메모리에 저장되는 구조.vcxproj", "{94425D1E-8EE7-496C-8766-747B5B43923C}"
EndProject
Project("{8BC9CEB8-8B4A-11D0-8D11-00A0C91BC942}") = "4_4 strlen()", "4_4 strlen()\4_4 strlen().vcxproj", "{89DA2274-8300-43D6-AA89-8AAC59C0F653}"
EndProject
Project("{8BC9CEB8-8B4A-11D0-8D11-00A0C91BC942}") = "4_5 symbolic constants", "4_5 symbolic constants\4_5 symbolic constants.vcxproj", "{9E850B40-7FE8-4579-8FF9-A4F205C89932}"
EndProject
Project("{8BC9CEB8-8B4A-11D0-8D11-00A0C91BC942}") = "4_6 menifest constants", "4_6 menifest constants\4_6 menifest constants.vcxproj", "{1FDDB996-10BF-423F-BAEC-827A1E3EBFAD}"
EndProject
Global
	GlobalSection(SolutionConfigurationPlatforms) = preSolution
		Debug|x64 = Debug|x64
		Debug|x86 = Debug|x86
		Release|x64 = Release|x64
		Release|x86 = Release|x86
	EndGlobalSection
	GlobalSection(ProjectConfigurationPlatforms) = postSolution
		{0D1E2D52-6B37-48B3-8F20-6A87AB392794}.Debug|x64.ActiveCfg = Debug|x64
		{0D1E2D52-6B37-48B3-8F20-6A87AB392794}.Debug|x64.Build.0 = Debug|x64
		{0D1E2D52-6B37-48B3-8F20-6A87AB392794}.Debug|x86.ActiveCfg = Debug|Win32
		{0D1E2D52-6B37-48B3-8F20-6A87AB392794}.Debug|x86.Build.0 = Debug|Win32
		{0D1E2D52-6B37-48B3-8F20-6A87AB392794}.Release|x64.ActiveCfg = Release|x64
		{0D1E2D52-6B37-48B3-8F20-6A87AB392794}.Release|x64.Build.0 = Release|x64
		{0D1E2D52-6B37-48B3-8F20-6A87AB392794}.Release|x86.ActiveCfg = Release|Win32
		{0D1E2D52-6B37-48B3-8F20-6A87AB392794}.Release|x86.Build.0 = Release|Win32
		{AE4A4008-4B1E-4CAE-B4CF-8C89E1DBEE3E}.Debug|x64.ActiveCfg = Debug|x64
		{AE4A4008-4B1E-4CAE-B4CF-8C89E1DBEE3E}.Debug|x64.Build.0 = Debug|x64
		{AE4A4008-4B1E-4CAE-B4CF-8C89E1DBEE3E}.Debug|x86.ActiveCfg = Debug|Win32
		{AE4A4008-4B1E-4CAE-B4CF-8C89E1DBEE3E}.Debug|x86.Build.0 = Debug|Win32
		{AE4A4008-4B1E-4CAE-B4CF-8C89E1DBEE3E}.Release|x64.ActiveCfg = Release|x64
		{AE4A4008-4B1E-4CAE-B4CF-8C89E1DBEE3E}.Release|x64.Build.0 = Release|x64
		{AE4A4008-4B1E-4CAE-B4CF-8C89E1DBEE3E}.Release|x86.ActiveCfg = Release|Win32
		{AE4A4008-4B1E-4CAE-B4CF-8C89E1DBEE3E}.Release|x86.Build.0 = Release|Win32
		{94425D1E-8EE7-496C-8766-747B5B43923C}.Debug|x64.ActiveCfg = Debug|x64
		{94425D1E-8EE7-496C-8766-747B5B43923C}.Debug|x64.Build.0 = Debug|x64
		{94425D1E-8EE7-496C-8766-747B5B43923C}.Debug|x86.ActiveCfg = Debug|Win32
		{94425D1E-8EE7-496C-8766-747B5B43923C}.Debug|x86.Build.0 = Debug|Win32
		{94425D1E-8EE7-496C-8766-747B5B43923C}.Release|x64.ActiveCfg = Release|x64
		{94425D1E-8EE7-496C-8766-747B5B43923C}.Release|x64.Build.0 = Release|x64
		{94425D1E-8EE7-496C-8766-747B5B43923C}.Release|x86.ActiveCfg = Release|Win32
		{94425D1E-8EE7-496C-8766-747B5B43923C}.Release|x86.Build.0 = Release|Win32
		{89DA2274-8300-43D6-AA89-8AAC59C0F653}.Debug|x64.ActiveCfg = Debug|x64
		{89DA2274-8300-43D6-AA89-8AAC59C0F653}.Debug|x64.Build.0 = Debug|x64
		{89DA2274-8300-43D6-AA89-8AAC59C0F653}.Debug|x86.ActiveCfg = Debug|Win32
		{89DA2274-8300-43D6-AA89-8AAC59C0F653}.Debug|x86.Build.0 = Debug|Win32
		{89DA2274-8300-43D6-AA89-8AAC59C0F653}.Release|x64.ActiveCfg = Release|x64
		{89DA2274-8300-43D6-AA89-8AAC59C0F653}.Release|x64.Build.0 = Release|x64
		{89DA2274-8300-43D6-AA89-8AAC59C0F653}.Release|x86.ActiveCfg = Release|Win32
		{89DA2274-8300-43D6-AA89-8AAC59C0F653}.Release|x86.Build.0 = Release|Win32
		{9E850B40-7FE8-4579-8FF9-A4F205C89932}.Debug|x64.ActiveCfg = Debug|x64
		{9E850B40-7FE8-4579-8FF9-A4F205C89932}.Debug|x64.Build.0 = Debug|x64
		{9E850B40-7FE8-4579-8FF9-A4F205C89932}.Debug|x86.ActiveCfg = Debug|Win32
		{9E850B40-7FE8-4579-8FF9-A4F205C89932}.Debug|x86.Build.0 = Debug|Win32
		{9E850B40-7FE8-4579-8FF9-A4F205C89932}.Release|x64.ActiveCfg = Release|x64
		{9E850B40-7FE8-4579-8FF9-A4F205C89932}.Release|x64.Build.0 = Release|x64
		{9E850B40-7FE8-4579-8FF9-A4F205C89932}.Release|x86.ActiveCfg = Release|Win32
		{9E850B40-7FE8-4579-8FF9-A4F205C89932}.Release|x86.Build.0 = Release|Win32
		{1FDDB996-10BF-423F-BAEC-827A1E3EBFAD}.Debug|x64.ActiveCfg = Debug|x64
		{1FDDB996-10BF-423F-BAEC-827A1E3EBFAD}.Debug|x64.Build.0 = Debug|x64
		{1FDDB996-10BF-423F-BAEC-827A1E3EBFAD}.Debug|x86.ActiveCfg = Debug|Win32
		{1FDDB996-10BF-423F-BAEC-827A1E3EBFAD}.Debug|x86.Build.0 = Debug|Win32
		{1FDDB996-10BF-423F-BAEC-827A1E3EBFAD}.Release|x64.ActiveCfg = Release|x64
		{1FDDB996-10BF-423F-BAEC-827A1E3EBFAD}.Release|x64.Build.0 = Release|x64
		{1FDDB996-10BF-423F-BAEC-827A1E3EBFAD}.Release|x86.ActiveCfg = Release|Win32
		{1FDDB996-10BF-423F-BAEC-827A1E3EBFAD}.Release|x86.Build.0 = Release|Win32
	EndGlobalSection
	GlobalSection(SolutionProperties) = preSolution
		HideSolutionNode = FALSE
	EndGlobalSection
	GlobalSection(ExtensibilityGlobals) = postSolution
		SolutionGuid = {6DD0733A-47F0-4542-80FE-A3DF3626AD68}
	EndGlobalSection
EndGlobal
