
Microsoft Visual Studio Solution File, Format Version 12.00
# Visual Studio Version 16
VisualStudioVersion = 16.0.30413.136
MinimumVisualStudioVersion = 10.0.40219.1
Project("{8BC9CEB8-8B4A-11D0-8D11-00A0C91BC942}") = "3_4 program for input output", "3_3 usage of scanf() function\3_3 usage of scanf() function.vcxproj", "{A9C557B2-31F7-4678-9808-A140854A42C9}"
EndProject
Project("{8BC9CEB8-8B4A-11D0-8D11-00A0C91BC942}") = "3_6 overflow of integer", "3_6 overflow of integer\3_6 overflow of integer.vcxproj", "{0195B4DC-A079-4F16-AE88-B7DB66EFB108}"
EndProject
Project("{8BC9CEB8-8B4A-11D0-8D11-00A0C91BC942}") = "3_7 various integer types", "3_7 various integer types\3_7 various integer types.vcxproj", "{1179C215-1358-4F06-BF97-0925012DE076}"
EndProject
Project("{8BC9CEB8-8B4A-11D0-8D11-00A0C91BC942}") = "3_8 8, 16 radix", "3_8 8, 16 radix\3_8 8, 16 radix.vcxproj", "{DB5D635C-315C-43FD-AE14-F8A4B3337C87}"
EndProject
Project("{8BC9CEB8-8B4A-11D0-8D11-00A0C91BC942}") = "3_9 fixed width integer", "3_9 fixed width integer\3_9 fixed width integer.vcxproj", "{B714AB5F-9BE3-4064-82CE-E9AF491E79C8}"
EndProject
Project("{8BC9CEB8-8B4A-11D0-8D11-00A0C91BC942}") = "3_10 char type", "3_10 char type\3_10 char type.vcxproj", "{F191E5B3-E427-4603-91E2-9A00BCE352B6}"
EndProject
Project("{8BC9CEB8-8B4A-11D0-8D11-00A0C91BC942}") = "3_11 floating point type", "3_11 floating point type\3_11 floating point type.vcxproj", "{05A4EC0F-EBF5-4BBF-8D91-730D234AE27E}"
EndProject
Project("{8BC9CEB8-8B4A-11D0-8D11-00A0C91BC942}") = "3_12 limitation of floating point type", "3_12 limitation of floating point type\3_12 limitation of floating point type.vcxproj", "{1937DB77-81CE-4FE4-A2F5-92FB42DFD4D9}"
EndProject
Project("{8BC9CEB8-8B4A-11D0-8D11-00A0C91BC942}") = "3_13 bool type", "3_13 bool type\3_13 bool type.vcxproj", "{4FB22F8B-83DD-4DF9-B539-45D34852EF9D}"
EndProject
Global
	GlobalSection(SolutionConfigurationPlatforms) = preSolution
		Debug|x64 = Debug|x64
		Debug|x86 = Debug|x86
		Release|x64 = Release|x64
		Release|x86 = Release|x86
	EndGlobalSection
	GlobalSection(ProjectConfigurationPlatforms) = postSolution
		{A9C557B2-31F7-4678-9808-A140854A42C9}.Debug|x64.ActiveCfg = Debug|x64
		{A9C557B2-31F7-4678-9808-A140854A42C9}.Debug|x64.Build.0 = Debug|x64
		{A9C557B2-31F7-4678-9808-A140854A42C9}.Debug|x86.ActiveCfg = Debug|Win32
		{A9C557B2-31F7-4678-9808-A140854A42C9}.Debug|x86.Build.0 = Debug|Win32
		{A9C557B2-31F7-4678-9808-A140854A42C9}.Release|x64.ActiveCfg = Release|x64
		{A9C557B2-31F7-4678-9808-A140854A42C9}.Release|x64.Build.0 = Release|x64
		{A9C557B2-31F7-4678-9808-A140854A42C9}.Release|x86.ActiveCfg = Release|Win32
		{A9C557B2-31F7-4678-9808-A140854A42C9}.Release|x86.Build.0 = Release|Win32
		{0195B4DC-A079-4F16-AE88-B7DB66EFB108}.Debug|x64.ActiveCfg = Debug|x64
		{0195B4DC-A079-4F16-AE88-B7DB66EFB108}.Debug|x64.Build.0 = Debug|x64
		{0195B4DC-A079-4F16-AE88-B7DB66EFB108}.Debug|x86.ActiveCfg = Debug|Win32
		{0195B4DC-A079-4F16-AE88-B7DB66EFB108}.Debug|x86.Build.0 = Debug|Win32
		{0195B4DC-A079-4F16-AE88-B7DB66EFB108}.Release|x64.ActiveCfg = Release|x64
		{0195B4DC-A079-4F16-AE88-B7DB66EFB108}.Release|x64.Build.0 = Release|x64
		{0195B4DC-A079-4F16-AE88-B7DB66EFB108}.Release|x86.ActiveCfg = Release|Win32
		{0195B4DC-A079-4F16-AE88-B7DB66EFB108}.Release|x86.Build.0 = Release|Win32
		{1179C215-1358-4F06-BF97-0925012DE076}.Debug|x64.ActiveCfg = Debug|x64
		{1179C215-1358-4F06-BF97-0925012DE076}.Debug|x64.Build.0 = Debug|x64
		{1179C215-1358-4F06-BF97-0925012DE076}.Debug|x86.ActiveCfg = Debug|Win32
		{1179C215-1358-4F06-BF97-0925012DE076}.Debug|x86.Build.0 = Debug|Win32
		{1179C215-1358-4F06-BF97-0925012DE076}.Release|x64.ActiveCfg = Release|x64
		{1179C215-1358-4F06-BF97-0925012DE076}.Release|x64.Build.0 = Release|x64
		{1179C215-1358-4F06-BF97-0925012DE076}.Release|x86.ActiveCfg = Release|Win32
		{1179C215-1358-4F06-BF97-0925012DE076}.Release|x86.Build.0 = Release|Win32
		{DB5D635C-315C-43FD-AE14-F8A4B3337C87}.Debug|x64.ActiveCfg = Debug|x64
		{DB5D635C-315C-43FD-AE14-F8A4B3337C87}.Debug|x64.Build.0 = Debug|x64
		{DB5D635C-315C-43FD-AE14-F8A4B3337C87}.Debug|x86.ActiveCfg = Debug|Win32
		{DB5D635C-315C-43FD-AE14-F8A4B3337C87}.Debug|x86.Build.0 = Debug|Win32
		{DB5D635C-315C-43FD-AE14-F8A4B3337C87}.Release|x64.ActiveCfg = Release|x64
		{DB5D635C-315C-43FD-AE14-F8A4B3337C87}.Release|x64.Build.0 = Release|x64
		{DB5D635C-315C-43FD-AE14-F8A4B3337C87}.Release|x86.ActiveCfg = Release|Win32
		{DB5D635C-315C-43FD-AE14-F8A4B3337C87}.Release|x86.Build.0 = Release|Win32
		{B714AB5F-9BE3-4064-82CE-E9AF491E79C8}.Debug|x64.ActiveCfg = Debug|x64
		{B714AB5F-9BE3-4064-82CE-E9AF491E79C8}.Debug|x64.Build.0 = Debug|x64
		{B714AB5F-9BE3-4064-82CE-E9AF491E79C8}.Debug|x86.ActiveCfg = Debug|Win32
		{B714AB5F-9BE3-4064-82CE-E9AF491E79C8}.Debug|x86.Build.0 = Debug|Win32
		{B714AB5F-9BE3-4064-82CE-E9AF491E79C8}.Release|x64.ActiveCfg = Release|x64
		{B714AB5F-9BE3-4064-82CE-E9AF491E79C8}.Release|x64.Build.0 = Release|x64
		{B714AB5F-9BE3-4064-82CE-E9AF491E79C8}.Release|x86.ActiveCfg = Release|Win32
		{B714AB5F-9BE3-4064-82CE-E9AF491E79C8}.Release|x86.Build.0 = Release|Win32
		{F191E5B3-E427-4603-91E2-9A00BCE352B6}.Debug|x64.ActiveCfg = Debug|x64
		{F191E5B3-E427-4603-91E2-9A00BCE352B6}.Debug|x64.Build.0 = Debug|x64
		{F191E5B3-E427-4603-91E2-9A00BCE352B6}.Debug|x86.ActiveCfg = Debug|Win32
		{F191E5B3-E427-4603-91E2-9A00BCE352B6}.Debug|x86.Build.0 = Debug|Win32
		{F191E5B3-E427-4603-91E2-9A00BCE352B6}.Release|x64.ActiveCfg = Release|x64
		{F191E5B3-E427-4603-91E2-9A00BCE352B6}.Release|x64.Build.0 = Release|x64
		{F191E5B3-E427-4603-91E2-9A00BCE352B6}.Release|x86.ActiveCfg = Release|Win32
		{F191E5B3-E427-4603-91E2-9A00BCE352B6}.Release|x86.Build.0 = Release|Win32
		{05A4EC0F-EBF5-4BBF-8D91-730D234AE27E}.Debug|x64.ActiveCfg = Debug|x64
		{05A4EC0F-EBF5-4BBF-8D91-730D234AE27E}.Debug|x64.Build.0 = Debug|x64
		{05A4EC0F-EBF5-4BBF-8D91-730D234AE27E}.Debug|x86.ActiveCfg = Debug|Win32
		{05A4EC0F-EBF5-4BBF-8D91-730D234AE27E}.Debug|x86.Build.0 = Debug|Win32
		{05A4EC0F-EBF5-4BBF-8D91-730D234AE27E}.Release|x64.ActiveCfg = Release|x64
		{05A4EC0F-EBF5-4BBF-8D91-730D234AE27E}.Release|x64.Build.0 = Release|x64
		{05A4EC0F-EBF5-4BBF-8D91-730D234AE27E}.Release|x86.ActiveCfg = Release|Win32
		{05A4EC0F-EBF5-4BBF-8D91-730D234AE27E}.Release|x86.Build.0 = Release|Win32
		{1937DB77-81CE-4FE4-A2F5-92FB42DFD4D9}.Debug|x64.ActiveCfg = Debug|x64
		{1937DB77-81CE-4FE4-A2F5-92FB42DFD4D9}.Debug|x64.Build.0 = Debug|x64
		{1937DB77-81CE-4FE4-A2F5-92FB42DFD4D9}.Debug|x86.ActiveCfg = Debug|Win32
		{1937DB77-81CE-4FE4-A2F5-92FB42DFD4D9}.Debug|x86.Build.0 = Debug|Win32
		{1937DB77-81CE-4FE4-A2F5-92FB42DFD4D9}.Release|x64.ActiveCfg = Release|x64
		{1937DB77-81CE-4FE4-A2F5-92FB42DFD4D9}.Release|x64.Build.0 = Release|x64
		{1937DB77-81CE-4FE4-A2F5-92FB42DFD4D9}.Release|x86.ActiveCfg = Release|Win32
		{1937DB77-81CE-4FE4-A2F5-92FB42DFD4D9}.Release|x86.Build.0 = Release|Win32
		{4FB22F8B-83DD-4DF9-B539-45D34852EF9D}.Debug|x64.ActiveCfg = Debug|x64
		{4FB22F8B-83DD-4DF9-B539-45D34852EF9D}.Debug|x64.Build.0 = Debug|x64
		{4FB22F8B-83DD-4DF9-B539-45D34852EF9D}.Debug|x86.ActiveCfg = Debug|Win32
		{4FB22F8B-83DD-4DF9-B539-45D34852EF9D}.Debug|x86.Build.0 = Debug|Win32
		{4FB22F8B-83DD-4DF9-B539-45D34852EF9D}.Release|x64.ActiveCfg = Release|x64
		{4FB22F8B-83DD-4DF9-B539-45D34852EF9D}.Release|x64.Build.0 = Release|x64
		{4FB22F8B-83DD-4DF9-B539-45D34852EF9D}.Release|x86.ActiveCfg = Release|Win32
		{4FB22F8B-83DD-4DF9-B539-45D34852EF9D}.Release|x86.Build.0 = Release|Win32
	EndGlobalSection
	GlobalSection(SolutionProperties) = preSolution
		HideSolutionNode = FALSE
	EndGlobalSection
	GlobalSection(ExtensibilityGlobals) = postSolution
		SolutionGuid = {B812345C-B7FC-4793-B694-7C82E8ECDF6A}
	EndGlobalSection
EndGlobal
