
Microsoft Visual Studio Solution File, Format Version 12.00
# Visual Studio Version 16
VisualStudioVersion = 16.0.30104.148
MinimumVisualStudioVersion = 10.0.40219.1
Project("{8BC9CEB8-8B4A-11D0-8D11-00A0C91BC942}") = "Chapter17", "Chapter17\Chapter17.vcxproj", "{A9574B88-8114-42F3-8EBD-71B0DCD12017}"
EndProject
Project("{8BC9CEB8-8B4A-11D0-8D11-00A0C91BC942}") = "various_string_function", "various_string_function\various_string_function.vcxproj", "{AADF6E6A-3B42-4587-9B31-B23CEAF28886}"
EndProject
Project("{8BC9CEB8-8B4A-11D0-8D11-00A0C91BC942}") = "Selection Sort", "Selection Sort\Selection Sort.vcxproj", "{80BF3FAD-1481-4DC2-98E3-919F76335AC6}"
EndProject
Project("{8BC9CEB8-8B4A-11D0-8D11-00A0C91BC942}") = "17_12 배열로 원형 큐 구현하기", "17_12 배열로 원형 큐 구현하기\17_12 배열로 원형 큐 구현하기.vcxproj", "{F5815816-0087-44CF-B5AF-8A67BB435B62}"
EndProject
Project("{8BC9CEB8-8B4A-11D0-8D11-00A0C91BC942}") = "17_13 LinkedQueue", "17_13 LinkedQueue\17_13 LinkedQueue.vcxproj", "{CA3174C2-9EAB-4749-987E-B6D4D8905151}"
EndProject
Global
	GlobalSection(SolutionConfigurationPlatforms) = preSolution
		Debug|x64 = Debug|x64
		Debug|x86 = Debug|x86
		Release|x64 = Release|x64
		Release|x86 = Release|x86
	EndGlobalSection
	GlobalSection(ProjectConfigurationPlatforms) = postSolution
		{A9574B88-8114-42F3-8EBD-71B0DCD12017}.Debug|x64.ActiveCfg = Debug|x64
		{A9574B88-8114-42F3-8EBD-71B0DCD12017}.Debug|x64.Build.0 = Debug|x64
		{A9574B88-8114-42F3-8EBD-71B0DCD12017}.Debug|x86.ActiveCfg = Debug|Win32
		{A9574B88-8114-42F3-8EBD-71B0DCD12017}.Debug|x86.Build.0 = Debug|Win32
		{A9574B88-8114-42F3-8EBD-71B0DCD12017}.Release|x64.ActiveCfg = Release|x64
		{A9574B88-8114-42F3-8EBD-71B0DCD12017}.Release|x64.Build.0 = Release|x64
		{A9574B88-8114-42F3-8EBD-71B0DCD12017}.Release|x86.ActiveCfg = Release|Win32
		{A9574B88-8114-42F3-8EBD-71B0DCD12017}.Release|x86.Build.0 = Release|Win32
		{AADF6E6A-3B42-4587-9B31-B23CEAF28886}.Debug|x64.ActiveCfg = Debug|x64
		{AADF6E6A-3B42-4587-9B31-B23CEAF28886}.Debug|x64.Build.0 = Debug|x64
		{AADF6E6A-3B42-4587-9B31-B23CEAF28886}.Debug|x86.ActiveCfg = Debug|Win32
		{AADF6E6A-3B42-4587-9B31-B23CEAF28886}.Debug|x86.Build.0 = Debug|Win32
		{AADF6E6A-3B42-4587-9B31-B23CEAF28886}.Release|x64.ActiveCfg = Release|x64
		{AADF6E6A-3B42-4587-9B31-B23CEAF28886}.Release|x64.Build.0 = Release|x64
		{AADF6E6A-3B42-4587-9B31-B23CEAF28886}.Release|x86.ActiveCfg = Release|Win32
		{AADF6E6A-3B42-4587-9B31-B23CEAF28886}.Release|x86.Build.0 = Release|Win32
		{80BF3FAD-1481-4DC2-98E3-919F76335AC6}.Debug|x64.ActiveCfg = Debug|x64
		{80BF3FAD-1481-4DC2-98E3-919F76335AC6}.Debug|x64.Build.0 = Debug|x64
		{80BF3FAD-1481-4DC2-98E3-919F76335AC6}.Debug|x86.ActiveCfg = Debug|Win32
		{80BF3FAD-1481-4DC2-98E3-919F76335AC6}.Debug|x86.Build.0 = Debug|Win32
		{80BF3FAD-1481-4DC2-98E3-919F76335AC6}.Release|x64.ActiveCfg = Release|x64
		{80BF3FAD-1481-4DC2-98E3-919F76335AC6}.Release|x64.Build.0 = Release|x64
		{80BF3FAD-1481-4DC2-98E3-919F76335AC6}.Release|x86.ActiveCfg = Release|Win32
		{80BF3FAD-1481-4DC2-98E3-919F76335AC6}.Release|x86.Build.0 = Release|Win32
		{F5815816-0087-44CF-B5AF-8A67BB435B62}.Debug|x64.ActiveCfg = Debug|x64
		{F5815816-0087-44CF-B5AF-8A67BB435B62}.Debug|x64.Build.0 = Debug|x64
		{F5815816-0087-44CF-B5AF-8A67BB435B62}.Debug|x86.ActiveCfg = Debug|Win32
		{F5815816-0087-44CF-B5AF-8A67BB435B62}.Debug|x86.Build.0 = Debug|Win32
		{F5815816-0087-44CF-B5AF-8A67BB435B62}.Release|x64.ActiveCfg = Release|x64
		{F5815816-0087-44CF-B5AF-8A67BB435B62}.Release|x64.Build.0 = Release|x64
		{F5815816-0087-44CF-B5AF-8A67BB435B62}.Release|x86.ActiveCfg = Release|Win32
		{F5815816-0087-44CF-B5AF-8A67BB435B62}.Release|x86.Build.0 = Release|Win32
		{CA3174C2-9EAB-4749-987E-B6D4D8905151}.Debug|x64.ActiveCfg = Debug|x64
		{CA3174C2-9EAB-4749-987E-B6D4D8905151}.Debug|x64.Build.0 = Debug|x64
		{CA3174C2-9EAB-4749-987E-B6D4D8905151}.Debug|x86.ActiveCfg = Debug|Win32
		{CA3174C2-9EAB-4749-987E-B6D4D8905151}.Debug|x86.Build.0 = Debug|Win32
		{CA3174C2-9EAB-4749-987E-B6D4D8905151}.Release|x64.ActiveCfg = Release|x64
		{CA3174C2-9EAB-4749-987E-B6D4D8905151}.Release|x64.Build.0 = Release|x64
		{CA3174C2-9EAB-4749-987E-B6D4D8905151}.Release|x86.ActiveCfg = Release|Win32
		{CA3174C2-9EAB-4749-987E-B6D4D8905151}.Release|x86.Build.0 = Release|Win32
	EndGlobalSection
	GlobalSection(SolutionProperties) = preSolution
		HideSolutionNode = FALSE
	EndGlobalSection
	GlobalSection(ExtensibilityGlobals) = postSolution
		SolutionGuid = {B5816C97-850E-4F0A-8FA8-0B72FB0CE708}
	EndGlobalSection
EndGlobal
